
Microsoft Visual Studio Solution File, Format Version 12.00
# Visual Studio Version 16
VisualStudioVersion = 16.0.32630.194
MinimumVisualStudioVersion = 10.0.40219.1
Project("{FAE04EC0-301F-11D3-BF4B-00C04F79EFBC}") = "Train_Puzzle_2", "Train_Puzzle_2\Train_Puzzle_2.csproj", "{89D39A54-E5FD-4ACD-9EE9-ACF8A048F265}"
EndProject
Global
	GlobalSection(SolutionConfigurationPlatforms) = preSolution
		Debug|Any CPU = Debug|Any CPU
		Release|Any CPU = Release|Any CPU
	EndGlobalSection
	GlobalSection(ProjectConfigurationPlatforms) = postSolution
		{89D39A54-E5FD-4ACD-9EE9-ACF8A048F265}.Debug|Any CPU.ActiveCfg = Debug|Any CPU
		{89D39A54-E5FD-4ACD-9EE9-ACF8A048F265}.Debug|Any CPU.Build.0 = Debug|Any CPU
		{89D39A54-E5FD-4ACD-9EE9-ACF8A048F265}.Release|Any CPU.ActiveCfg = Release|Any CPU
		{89D39A54-E5FD-4ACD-9EE9-ACF8A048F265}.Release|Any CPU.Build.0 = Release|Any CPU
	EndGlobalSection
	GlobalSection(SolutionProperties) = preSolution
		HideSolutionNode = FALSE
	EndGlobalSection
	GlobalSection(ExtensibilityGlobals) = postSolution
		SolutionGuid = {89022C39-E302-4B66-BDD2-E98DA7CF7D9E}
	EndGlobalSection
EndGlobal
